
Microsoft Visual Studio Solution File, Format Version 12.00
# Visual Studio Version 17
VisualStudioVersion = 17.1.32210.238
MinimumVisualStudioVersion = 10.0.40219.1
Project("{FAE04EC0-301F-11D3-BF4B-00C04F79EFBC}") = "functii4", "functii4.csproj", "{041909E3-616D-479C-BE48-3893633CCE27}"
EndProject
Global
	GlobalSection(SolutionConfigurationPlatforms) = preSolution
		Debug|Any CPU = Debug|Any CPU
		Release|Any CPU = Release|Any CPU
	EndGlobalSection
	GlobalSection(ProjectConfigurationPlatforms) = postSolution
		{041909E3-616D-479C-BE48-3893633CCE27}.Debug|Any CPU.ActiveCfg = Debug|Any CPU
		{041909E3-616D-479C-BE48-3893633CCE27}.Debug|Any CPU.Build.0 = Debug|Any CPU
		{041909E3-616D-479C-BE48-3893633CCE27}.Release|Any CPU.ActiveCfg = Release|Any CPU
		{041909E3-616D-479C-BE48-3893633CCE27}.Release|Any CPU.Build.0 = Release|Any CPU
	EndGlobalSection
	GlobalSection(SolutionProperties) = preSolution
		HideSolutionNode = FALSE
	EndGlobalSection
	GlobalSection(ExtensibilityGlobals) = postSolution
		SolutionGuid = {B6C1AC62-6C03-4191-BB0C-4BB10EBEA99F}
	EndGlobalSection
EndGlobal
