
Microsoft Visual Studio Solution File, Format Version 12.00
# Visual Studio Version 17
VisualStudioVersion = 17.1.32210.238
MinimumVisualStudioVersion = 10.0.40219.1
Project("{FAE04EC0-301F-11D3-BF4B-00C04F79EFBC}") = "functii6", "functii6.csproj", "{4CF1CF8E-B462-4734-B522-9CD95C0FF0C5}"
EndProject
Global
	GlobalSection(SolutionConfigurationPlatforms) = preSolution
		Debug|Any CPU = Debug|Any CPU
		Release|Any CPU = Release|Any CPU
	EndGlobalSection
	GlobalSection(ProjectConfigurationPlatforms) = postSolution
		{4CF1CF8E-B462-4734-B522-9CD95C0FF0C5}.Debug|Any CPU.ActiveCfg = Debug|Any CPU
		{4CF1CF8E-B462-4734-B522-9CD95C0FF0C5}.Debug|Any CPU.Build.0 = Debug|Any CPU
		{4CF1CF8E-B462-4734-B522-9CD95C0FF0C5}.Release|Any CPU.ActiveCfg = Release|Any CPU
		{4CF1CF8E-B462-4734-B522-9CD95C0FF0C5}.Release|Any CPU.Build.0 = Release|Any CPU
	EndGlobalSection
	GlobalSection(SolutionProperties) = preSolution
		HideSolutionNode = FALSE
	EndGlobalSection
	GlobalSection(ExtensibilityGlobals) = postSolution
		SolutionGuid = {5A861A31-57C7-404D-B9EB-9306FE2B1820}
	EndGlobalSection
EndGlobal
